// !$*UTF8*$!
{
	archiveVersion = 1;
	classes = {
	};
	objectVersion = 46;
	objects = {

/* Begin PBXBuildFile section */
		8B985EB71DAC7A6D008E805D /* libopencv_core.a in Frameworks */ = {isa = PBXBuildFile; fileRef = 8B985EA31DAC7A6D008E805D /* libopencv_core.a */; };
		8B985EBD1DAC7A6D008E805D /* libopencv_imgproc.a in Frameworks */ = {isa = PBXBuildFile; fileRef = 8B985EA91DAC7A6D008E805D /* libopencv_imgproc.a */; };
		8B985ECF1DAC7ADF008E805D /* libIlmImf.a in Frameworks */ = {isa = PBXBuildFile; fileRef = 8B985EC91DAC7ADF008E805D /* libIlmImf.a */; };
		8B985ED01DAC7ADF008E805D /* liblibjasper.a in Frameworks */ = {isa = PBXBuildFile; fileRef = 8B985ECA1DAC7ADF008E805D /* liblibjasper.a */; };
		8B985ED11DAC7ADF008E805D /* liblibjpeg.a in Frameworks */ = {isa = PBXBuildFile; fileRef = 8B985ECB1DAC7ADF008E805D /* liblibjpeg.a */; };
		8B985ED21DAC7ADF008E805D /* liblibpng.a in Frameworks */ = {isa = PBXBuildFile; fileRef = 8B985ECC1DAC7ADF008E805D /* liblibpng.a */; };
		8B985ED31DAC7ADF008E805D /* liblibtiff.a in Frameworks */ = {isa = PBXBuildFile; fileRef = 8B985ECD1DAC7ADF008E805D /* liblibtiff.a */; };
		8B985ED41DAC7ADF008E805D /* libzlib.a in Frameworks */ = {isa = PBXBuildFile; fileRef = 8B985ECE1DAC7ADF008E805D /* libzlib.a */; };
		8B985ED71DAC7C2D008E805D /* AVFoundation.framework in Frameworks */ = {isa = PBXBuildFile; fileRef = 8B985ED61DAC7C2D008E805D /* AVFoundation.framework */; };
		8B985ED91DAC7C35008E805D /* CoreVideo.framework in Frameworks */ = {isa = PBXBuildFile; fileRef = 8B985ED81DAC7C35008E805D /* CoreVideo.framework */; };
		8B985EDB1DAC7C40008E805D /* CoreMedia.framework in Frameworks */ = {isa = PBXBuildFile; fileRef = 8B985EDA1DAC7C40008E805D /* CoreMedia.framework */; };
		8B985EDD1DAC911B008E805D /* AppKit.framework in Frameworks */ = {isa = PBXBuildFile; fileRef = 8B985EDC1DAC911B008E805D /* AppKit.framework */; };
		8B985EDF1DAC9127008E805D /* QuartzCore.framework in Frameworks */ = {isa = PBXBuildFile; fileRef = 8B985EDE1DAC9127008E805D /* QuartzCore.framework */; };
		8B985EE11DAC9130008E805D /* QTKit.framework in Frameworks */ = {isa = PBXBuildFile; fileRef = 8B985EE01DAC9130008E805D /* QTKit.framework */; };
		8BAC6A0C1DD1690E007D00FC /* libopencv_highgui.a in Frameworks */ = {isa = PBXBuildFile; fileRef = 8BAC6A0B1DD1690E007D00FC /* libopencv_highgui.a */; };
		8BE305A11DA89CFF00FD1025 /* main.c in Sources */ = {isa = PBXBuildFile; fileRef = 8BE305A01DA89CFF00FD1025 /* main.c */; };
		8BE3078B1DA89DE100FD1025 /* Kakao_ImgProc_ColorTool.c in Sources */ = {isa = PBXBuildFile; fileRef = 8BE306FB1DA89DE100FD1025 /* Kakao_ImgProc_ColorTool.c */; };
		8BE3078C1DA89DE100FD1025 /* Kakao_ImgProc_EdgeDetector.c in Sources */ = {isa = PBXBuildFile; fileRef = 8BE306FC1DA89DE100FD1025 /* Kakao_ImgProc_EdgeDetector.c */; };
		8BE3078D1DA89DE100FD1025 /* Kakao_ImgProc_ExtractBG.c in Sources */ = {isa = PBXBuildFile; fileRef = 8BE306FD1DA89DE100FD1025 /* Kakao_ImgProc_ExtractBG.c */; };
		8BE3078E1DA89DE100FD1025 /* Kakao_ImgProc_Filter.c in Sources */ = {isa = PBXBuildFile; fileRef = 8BE306FE1DA89DE100FD1025 /* Kakao_ImgProc_Filter.c */; };
		8BE3078F1DA89DE100FD1025 /* Kakao_ImgProc_Histogram.c in Sources */ = {isa = PBXBuildFile; fileRef = 8BE306FF1DA89DE100FD1025 /* Kakao_ImgProc_Histogram.c */; };
		8BE307901DA89DE100FD1025 /* Kakao_ImgProc_ImgEnhance.c in Sources */ = {isa = PBXBuildFile; fileRef = 8BE307001DA89DE100FD1025 /* Kakao_ImgProc_ImgEnhance.c */; };
		8BE307911DA89DE100FD1025 /* Kakao_ImgProc_ImgFeature.c in Sources */ = {isa = PBXBuildFile; fileRef = 8BE307011DA89DE100FD1025 /* Kakao_ImgProc_ImgFeature.c */; };
		8BE307921DA89DE100FD1025 /* Kakao_ImgProc_IQA.c in Sources */ = {isa = PBXBuildFile; fileRef = 8BE307021DA89DE100FD1025 /* Kakao_ImgProc_IQA.c */; };
		8BE307931DA89DE100FD1025 /* Kakao_ImgProc_Labeling.c in Sources */ = {isa = PBXBuildFile; fileRef = 8BE307031DA89DE100FD1025 /* Kakao_ImgProc_Labeling.c */; };
		8BE307941DA89DE100FD1025 /* Kakao_ImgProc_MeanShift.c in Sources */ = {isa = PBXBuildFile; fileRef = 8BE307041DA89DE100FD1025 /* Kakao_ImgProc_MeanShift.c */; };
		8BE307961DA89DE100FD1025 /* Kakao_ImgProc_ObjDetector.c in Sources */ = {isa = PBXBuildFile; fileRef = 8BE307061DA89DE100FD1025 /* Kakao_ImgProc_ObjDetector.c */; };
		8BE307971DA89DE100FD1025 /* Kakao_ImgProc_Processor.c in Sources */ = {isa = PBXBuildFile; fileRef = 8BE307071DA89DE100FD1025 /* Kakao_ImgProc_Processor.c */; };
		8BE307981DA89DE100FD1025 /* Kakao_ImgProc_Profile.c in Sources */ = {isa = PBXBuildFile; fileRef = 8BE307081DA89DE100FD1025 /* Kakao_ImgProc_Profile.c */; };
		8BE307991DA89DE100FD1025 /* Kakao_ImgProc_ROI.c in Sources */ = {isa = PBXBuildFile; fileRef = 8BE307091DA89DE100FD1025 /* Kakao_ImgProc_ROI.c */; };
		8BE3079A1DA89DE100FD1025 /* Kakao_ImgProc_Rotate.c in Sources */ = {isa = PBXBuildFile; fileRef = 8BE3070A1DA89DE100FD1025 /* Kakao_ImgProc_Rotate.c */; };
		8BE3079B1DA89DE100FD1025 /* Kakao_ImgProc_SBD.c in Sources */ = {isa = PBXBuildFile; fileRef = 8BE3070B1DA89DE100FD1025 /* Kakao_ImgProc_SBD.c */; };
		8BE3079C1DA89DE100FD1025 /* Kakao_ImgProc_Scaler.c in Sources */ = {isa = PBXBuildFile; fileRef = 8BE3070C1DA89DE100FD1025 /* Kakao_ImgProc_Scaler.c */; };
		8BE3079D1DA89DE100FD1025 /* Kakao_ImgProc_SIMD.c in Sources */ = {isa = PBXBuildFile; fileRef = 8BE3070D1DA89DE100FD1025 /* Kakao_ImgProc_SIMD.c */; };
		8BE3079E1DA89DE100FD1025 /* Kakao_ImgProc_Skin.c in Sources */ = {isa = PBXBuildFile; fileRef = 8BE3070E1DA89DE100FD1025 /* Kakao_ImgProc_Skin.c */; };
		8BE307A31DA89DE100FD1025 /* Kakao_ImgProc_Thread.c in Sources */ = {isa = PBXBuildFile; fileRef = 8BE307131DA89DE100FD1025 /* Kakao_ImgProc_Thread.c */; };
		8BE307A41DA89DE100FD1025 /* Kakao_ImgProc_Util.c in Sources */ = {isa = PBXBuildFile; fileRef = 8BE307141DA89DE100FD1025 /* Kakao_ImgProc_Util.c */; };
		8BE307BE1DA89DE100FD1025 /* compare.cc in Sources */ = {isa = PBXBuildFile; fileRef = 8BE3075C1DA89DE100FD1025 /* compare.cc */; };
		8BE307BF1DA89DE100FD1025 /* compare_common.cc in Sources */ = {isa = PBXBuildFile; fileRef = 8BE3075D1DA89DE100FD1025 /* compare_common.cc */; };
		8BE307C01DA89DE100FD1025 /* compare_gcc.cc in Sources */ = {isa = PBXBuildFile; fileRef = 8BE3075E1DA89DE100FD1025 /* compare_gcc.cc */; };
		8BE307C31DA89DE100FD1025 /* compare_win.cc in Sources */ = {isa = PBXBuildFile; fileRef = 8BE307611DA89DE100FD1025 /* compare_win.cc */; };
		8BE307C41DA89DE100FD1025 /* convert.cc in Sources */ = {isa = PBXBuildFile; fileRef = 8BE307621DA89DE100FD1025 /* convert.cc */; };
		8BE307C51DA89DE100FD1025 /* convert_argb.cc in Sources */ = {isa = PBXBuildFile; fileRef = 8BE307631DA89DE100FD1025 /* convert_argb.cc */; };
		8BE307C61DA89DE100FD1025 /* convert_from.cc in Sources */ = {isa = PBXBuildFile; fileRef = 8BE307641DA89DE100FD1025 /* convert_from.cc */; };
		8BE307C71DA89DE100FD1025 /* convert_from_argb.cc in Sources */ = {isa = PBXBuildFile; fileRef = 8BE307651DA89DE100FD1025 /* convert_from_argb.cc */; };
		8BE307C81DA89DE100FD1025 /* convert_jpeg.cc in Sources */ = {isa = PBXBuildFile; fileRef = 8BE307661DA89DE100FD1025 /* convert_jpeg.cc */; };
		8BE307C91DA89DE100FD1025 /* convert_to_argb.cc in Sources */ = {isa = PBXBuildFile; fileRef = 8BE307671DA89DE100FD1025 /* convert_to_argb.cc */; };
		8BE307CA1DA89DE100FD1025 /* convert_to_i420.cc in Sources */ = {isa = PBXBuildFile; fileRef = 8BE307681DA89DE100FD1025 /* convert_to_i420.cc */; };
		8BE307CB1DA89DE100FD1025 /* cpu_id.cc in Sources */ = {isa = PBXBuildFile; fileRef = 8BE307691DA89DE100FD1025 /* cpu_id.cc */; };
		8BE307CC1DA89DE100FD1025 /* mjpeg_decoder.cc in Sources */ = {isa = PBXBuildFile; fileRef = 8BE3076A1DA89DE100FD1025 /* mjpeg_decoder.cc */; };
		8BE307CD1DA89DE100FD1025 /* mjpeg_validate.cc in Sources */ = {isa = PBXBuildFile; fileRef = 8BE3076B1DA89DE100FD1025 /* mjpeg_validate.cc */; };
		8BE307CE1DA89DE100FD1025 /* planar_functions.cc in Sources */ = {isa = PBXBuildFile; fileRef = 8BE3076C1DA89DE100FD1025 /* planar_functions.cc */; };
		8BE307CF1DA89DE100FD1025 /* rotate.cc in Sources */ = {isa = PBXBuildFile; fileRef = 8BE3076D1DA89DE100FD1025 /* rotate.cc */; };
		8BE307D01DA89DE100FD1025 /* rotate_any.cc in Sources */ = {isa = PBXBuildFile; fileRef = 8BE3076E1DA89DE100FD1025 /* rotate_any.cc */; };
		8BE307D11DA89DE100FD1025 /* rotate_argb.cc in Sources */ = {isa = PBXBuildFile; fileRef = 8BE3076F1DA89DE100FD1025 /* rotate_argb.cc */; };
		8BE307D21DA89DE100FD1025 /* rotate_common.cc in Sources */ = {isa = PBXBuildFile; fileRef = 8BE307701DA89DE100FD1025 /* rotate_common.cc */; };
		8BE307D31DA89DE100FD1025 /* rotate_gcc.cc in Sources */ = {isa = PBXBuildFile; fileRef = 8BE307711DA89DE100FD1025 /* rotate_gcc.cc */; };
		8BE307D71DA89DE100FD1025 /* rotate_win.cc in Sources */ = {isa = PBXBuildFile; fileRef = 8BE307751DA89DE100FD1025 /* rotate_win.cc */; };
		8BE307D81DA89DE100FD1025 /* row_any.cc in Sources */ = {isa = PBXBuildFile; fileRef = 8BE307761DA89DE100FD1025 /* row_any.cc */; };
		8BE307D91DA89DE100FD1025 /* row_common.cc in Sources */ = {isa = PBXBuildFile; fileRef = 8BE307771DA89DE100FD1025 /* row_common.cc */; };
		8BE307DA1DA89DE100FD1025 /* row_gcc.cc in Sources */ = {isa = PBXBuildFile; fileRef = 8BE307781DA89DE100FD1025 /* row_gcc.cc */; };
		8BE307DF1DA89DE100FD1025 /* row_win.cc in Sources */ = {isa = PBXBuildFile; fileRef = 8BE3077D1DA89DE100FD1025 /* row_win.cc */; };
		8BE307E11DA89DE100FD1025 /* scale.cc in Sources */ = {isa = PBXBuildFile; fileRef = 8BE3077F1DA89DE100FD1025 /* scale.cc */; };
		8BE307E21DA89DE100FD1025 /* scale_any.cc in Sources */ = {isa = PBXBuildFile; fileRef = 8BE307801DA89DE100FD1025 /* scale_any.cc */; };
		8BE307E31DA89DE100FD1025 /* scale_argb.cc in Sources */ = {isa = PBXBuildFile; fileRef = 8BE307811DA89DE100FD1025 /* scale_argb.cc */; };
		8BE307E41DA89DE100FD1025 /* scale_common.cc in Sources */ = {isa = PBXBuildFile; fileRef = 8BE307821DA89DE100FD1025 /* scale_common.cc */; };
		8BE307E51DA89DE100FD1025 /* scale_gcc.cc in Sources */ = {isa = PBXBuildFile; fileRef = 8BE307831DA89DE100FD1025 /* scale_gcc.cc */; };
		8BE307EA1DA89DE100FD1025 /* scale_win.cc in Sources */ = {isa = PBXBuildFile; fileRef = 8BE307881DA89DE100FD1025 /* scale_win.cc */; };
		8BE307EB1DA89DE100FD1025 /* video_common.cc in Sources */ = {isa = PBXBuildFile; fileRef = 8BE307891DA89DE100FD1025 /* video_common.cc */; };
/* End PBXBuildFile section */

/* Begin PBXCopyFilesBuildPhase section */
		8BE3059B1DA89CFF00FD1025 /* CopyFiles */ = {
			isa = PBXCopyFilesBuildPhase;
			buildActionMask = 2147483647;
			dstPath = /usr/share/man/man1/;
			dstSubfolderSpec = 0;
			files = (
			);
			runOnlyForDeploymentPostprocessing = 1;
		};
/* End PBXCopyFilesBuildPhase section */

/* Begin PBXFileReference section */
		8B985EA31DAC7A6D008E805D /* libopencv_core.a */ = {isa = PBXFileReference; lastKnownFileType = archive.ar; name = libopencv_core.a; path = ../../../lib/opencv/opencv/libopencv_core.a; sourceTree = "<group>"; };
		8B985EA91DAC7A6D008E805D /* libopencv_imgproc.a */ = {isa = PBXFileReference; lastKnownFileType = archive.ar; name = libopencv_imgproc.a; path = ../../../lib/opencv/opencv/libopencv_imgproc.a; sourceTree = "<group>"; };
		8B985EC91DAC7ADF008E805D /* libIlmImf.a */ = {isa = PBXFileReference; lastKnownFileType = archive.ar; name = libIlmImf.a; path = ../../../lib/opencv/opencv/libIlmImf.a; sourceTree = "<group>"; };
		8B985ECA1DAC7ADF008E805D /* liblibjasper.a */ = {isa = PBXFileReference; lastKnownFileType = archive.ar; name = liblibjasper.a; path = ../../../lib/opencv/opencv/liblibjasper.a; sourceTree = "<group>"; };
		8B985ECB1DAC7ADF008E805D /* liblibjpeg.a */ = {isa = PBXFileReference; lastKnownFileType = archive.ar; name = liblibjpeg.a; path = ../../../lib/opencv/opencv/liblibjpeg.a; sourceTree = "<group>"; };
		8B985ECC1DAC7ADF008E805D /* liblibpng.a */ = {isa = PBXFileReference; lastKnownFileType = archive.ar; name = liblibpng.a; path = ../../../lib/opencv/opencv/liblibpng.a; sourceTree = "<group>"; };
		8B985ECD1DAC7ADF008E805D /* liblibtiff.a */ = {isa = PBXFileReference; lastKnownFileType = archive.ar; name = liblibtiff.a; path = ../../../lib/opencv/opencv/liblibtiff.a; sourceTree = "<group>"; };
		8B985ECE1DAC7ADF008E805D /* libzlib.a */ = {isa = PBXFileReference; lastKnownFileType = archive.ar; name = libzlib.a; path = ../../../lib/opencv/opencv/libzlib.a; sourceTree = "<group>"; };
		8B985ED61DAC7C2D008E805D /* AVFoundation.framework */ = {isa = PBXFileReference; lastKnownFileType = wrapper.framework; name = AVFoundation.framework; path = System/Library/Frameworks/AVFoundation.framework; sourceTree = SDKROOT; };
		8B985ED81DAC7C35008E805D /* CoreVideo.framework */ = {isa = PBXFileReference; lastKnownFileType = wrapper.framework; name = CoreVideo.framework; path = System/Library/Frameworks/CoreVideo.framework; sourceTree = SDKROOT; };
		8B985EDA1DAC7C40008E805D /* CoreMedia.framework */ = {isa = PBXFileReference; lastKnownFileType = wrapper.framework; name = CoreMedia.framework; path = System/Library/Frameworks/CoreMedia.framework; sourceTree = SDKROOT; };
		8B985EDC1DAC911B008E805D /* AppKit.framework */ = {isa = PBXFileReference; lastKnownFileType = wrapper.framework; name = AppKit.framework; path = System/Library/Frameworks/AppKit.framework; sourceTree = SDKROOT; };
		8B985EDE1DAC9127008E805D /* QuartzCore.framework */ = {isa = PBXFileReference; lastKnownFileType = wrapper.framework; name = QuartzCore.framework; path = System/Library/Frameworks/QuartzCore.framework; sourceTree = SDKROOT; };
		8B985EE01DAC9130008E805D /* QTKit.framework */ = {isa = PBXFileReference; lastKnownFileType = wrapper.framework; name = QTKit.framework; path = System/Library/Frameworks/QTKit.framework; sourceTree = SDKROOT; };
		8BAC6A0A1DD16704007D00FC /* libyuv.h */ = {isa = PBXFileReference; fileEncoding = 4; lastKnownFileType = sourcecode.c.h; path = libyuv.h; sourceTree = "<group>"; };
		8BAC6A0B1DD1690E007D00FC /* libopencv_highgui.a */ = {isa = PBXFileReference; lastKnownFileType = archive.ar; name = libopencv_highgui.a; path = ../../../lib/opencv/opencv/libopencv_highgui.a; sourceTree = "<group>"; };
		8BE3059D1DA89CFF00FD1025 /* MaverickDrone_Host_macOS */ = {isa = PBXFileReference; explicitFileType = "compiled.mach-o.executable"; includeInIndex = 0; path = MaverickDrone_Host_macOS; sourceTree = BUILT_PRODUCTS_DIR; };
		8BE305A01DA89CFF00FD1025 /* main.c */ = {isa = PBXFileReference; lastKnownFileType = sourcecode.c.c; path = main.c; sourceTree = "<group>"; };
		8BE306CD1DA89DE100FD1025 /* Kakao_Haarfeatures_Eyes.h */ = {isa = PBXFileReference; fileEncoding = 4; lastKnownFileType = sourcecode.c.h; path = Kakao_Haarfeatures_Eyes.h; sourceTree = "<group>"; };
		8BE306CE1DA89DE100FD1025 /* Kakao_Haarfeatures_Face_front.h */ = {isa = PBXFileReference; fileEncoding = 4; lastKnownFileType = sourcecode.c.h; path = Kakao_Haarfeatures_Face_front.h; sourceTree = "<group>"; };
		8BE306CF1DA89DE100FD1025 /* Kakao_Haarfeatures_Face_front_alt.h */ = {isa = PBXFileReference; fileEncoding = 4; lastKnownFileType = sourcecode.c.h; path = Kakao_Haarfeatures_Face_front_alt.h; sourceTree = "<group>"; };
		8BE306D01DA89DE100FD1025 /* Kakao_Haarfeatures_Face_front_alt2.h */ = {isa = PBXFileReference; fileEncoding = 4; lastKnownFileType = sourcecode.c.h; path = Kakao_Haarfeatures_Face_front_alt2.h; sourceTree = "<group>"; };
		8BE306D11DA89DE100FD1025 /* Kakao_Haarfeatures_Nose.h */ = {isa = PBXFileReference; fileEncoding = 4; lastKnownFileType = sourcecode.c.h; path = Kakao_Haarfeatures_Nose.h; sourceTree = "<group>"; };
		8BE306D21DA89DE100FD1025 /* Kakao_Haarfeatures_Smile.h */ = {isa = PBXFileReference; fileEncoding = 4; lastKnownFileType = sourcecode.c.h; path = Kakao_Haarfeatures_Smile.h; sourceTree = "<group>"; };
		8BE306D31DA89DE100FD1025 /* Kakao_ImgProc_C_Opt.h */ = {isa = PBXFileReference; fileEncoding = 4; lastKnownFileType = sourcecode.c.h; path = Kakao_ImgProc_C_Opt.h; sourceTree = "<group>"; };
		8BE306D41DA89DE100FD1025 /* Kakao_ImgProc_ColorTool.h */ = {isa = PBXFileReference; fileEncoding = 4; lastKnownFileType = sourcecode.c.h; path = Kakao_ImgProc_ColorTool.h; sourceTree = "<group>"; };
		8BE306D51DA89DE100FD1025 /* Kakao_ImgProc_Core.h */ = {isa = PBXFileReference; fileEncoding = 4; lastKnownFileType = sourcecode.c.h; path = Kakao_ImgProc_Core.h; sourceTree = "<group>"; };
		8BE306D61DA89DE100FD1025 /* Kakao_ImgProc_Define.h */ = {isa = PBXFileReference; fileEncoding = 4; lastKnownFileType = sourcecode.c.h; path = Kakao_ImgProc_Define.h; sourceTree = "<group>"; };
		8BE306D71DA89DE100FD1025 /* Kakao_ImgProc_EdgeDetector.h */ = {isa = PBXFileReference; fileEncoding = 4; lastKnownFileType = sourcecode.c.h; path = Kakao_ImgProc_EdgeDetector.h; sourceTree = "<group>"; };
		8BE306D81DA89DE100FD1025 /* Kakao_ImgProc_ExtractBG.h */ = {isa = PBXFileReference; fileEncoding = 4; lastKnownFileType = sourcecode.c.h; path = Kakao_ImgProc_ExtractBG.h; sourceTree = "<group>"; };
		8BE306D91DA89DE100FD1025 /* Kakao_ImgProc_Filter.h */ = {isa = PBXFileReference; fileEncoding = 4; lastKnownFileType = sourcecode.c.h; path = Kakao_ImgProc_Filter.h; sourceTree = "<group>"; };
		8BE306DA1DA89DE100FD1025 /* Kakao_ImgProc_FunctionDef.h */ = {isa = PBXFileReference; fileEncoding = 4; lastKnownFileType = sourcecode.c.h; path = Kakao_ImgProc_FunctionDef.h; sourceTree = "<group>"; };
		8BE306DB1DA89DE100FD1025 /* Kakao_ImgProc_Histogram.h */ = {isa = PBXFileReference; fileEncoding = 4; lastKnownFileType = sourcecode.c.h; path = Kakao_ImgProc_Histogram.h; sourceTree = "<group>"; };
		8BE306DC1DA89DE100FD1025 /* Kakao_ImgProc_ImgEnhance.h */ = {isa = PBXFileReference; fileEncoding = 4; lastKnownFileType = sourcecode.c.h; path = Kakao_ImgProc_ImgEnhance.h; sourceTree = "<group>"; };
		8BE306DD1DA89DE100FD1025 /* Kakao_ImgProc_ImgFeature.h */ = {isa = PBXFileReference; fileEncoding = 4; lastKnownFileType = sourcecode.c.h; path = Kakao_ImgProc_ImgFeature.h; sourceTree = "<group>"; };
		8BE306DE1DA89DE100FD1025 /* Kakao_ImgProc_IQA.h */ = {isa = PBXFileReference; fileEncoding = 4; lastKnownFileType = sourcecode.c.h; path = Kakao_ImgProc_IQA.h; sourceTree = "<group>"; };
		8BE306DF1DA89DE100FD1025 /* Kakao_ImgProc_Labeling.h */ = {isa = PBXFileReference; fileEncoding = 4; lastKnownFileType = sourcecode.c.h; path = Kakao_ImgProc_Labeling.h; sourceTree = "<group>"; };
		8BE306E01DA89DE100FD1025 /* Kakao_ImgProc_MeanShift.h */ = {isa = PBXFileReference; fileEncoding = 4; lastKnownFileType = sourcecode.c.h; path = Kakao_ImgProc_MeanShift.h; sourceTree = "<group>"; };
		8BE306E11DA89DE100FD1025 /* Kakao_ImgProc_Misc.h */ = {isa = PBXFileReference; fileEncoding = 4; lastKnownFileType = sourcecode.c.h; path = Kakao_ImgProc_Misc.h; sourceTree = "<group>"; };
		8BE306E21DA89DE100FD1025 /* Kakao_ImgProc_Modules.h */ = {isa = PBXFileReference; fileEncoding = 4; lastKnownFileType = sourcecode.c.h; path = Kakao_ImgProc_Modules.h; sourceTree = "<group>"; };
		8BE306E31DA89DE100FD1025 /* Kakao_ImgProc_NEON.h */ = {isa = PBXFileReference; fileEncoding = 4; lastKnownFileType = sourcecode.c.h; path = Kakao_ImgProc_NEON.h; sourceTree = "<group>"; };
		8BE306E41DA89DE100FD1025 /* Kakao_ImgProc_ObjDetector.h */ = {isa = PBXFileReference; fileEncoding = 4; lastKnownFileType = sourcecode.c.h; path = Kakao_ImgProc_ObjDetector.h; sourceTree = "<group>"; };
		8BE306E51DA89DE100FD1025 /* Kakao_ImgProc_Platform.h */ = {isa = PBXFileReference; fileEncoding = 4; lastKnownFileType = sourcecode.c.h; path = Kakao_ImgProc_Platform.h; sourceTree = "<group>"; };
		8BE306E61DA89DE100FD1025 /* Kakao_ImgProc_Processor.h */ = {isa = PBXFileReference; fileEncoding = 4; lastKnownFileType = sourcecode.c.h; path = Kakao_ImgProc_Processor.h; sourceTree = "<group>"; };
		8BE306E71DA89DE100FD1025 /* Kakao_ImgProc_Profile.h */ = {isa = PBXFileReference; fileEncoding = 4; lastKnownFileType = sourcecode.c.h; path = Kakao_ImgProc_Profile.h; sourceTree = "<group>"; };
		8BE306E81DA89DE100FD1025 /* Kakao_ImgProc_ROI.h */ = {isa = PBXFileReference; fileEncoding = 4; lastKnownFileType = sourcecode.c.h; path = Kakao_ImgProc_ROI.h; sourceTree = "<group>"; };
		8BE306E91DA89DE100FD1025 /* Kakao_ImgProc_Rotate.h */ = {isa = PBXFileReference; fileEncoding = 4; lastKnownFileType = sourcecode.c.h; path = Kakao_ImgProc_Rotate.h; sourceTree = "<group>"; };
		8BE306EA1DA89DE100FD1025 /* Kakao_ImgProc_SBD.h */ = {isa = PBXFileReference; fileEncoding = 4; lastKnownFileType = sourcecode.c.h; path = Kakao_ImgProc_SBD.h; sourceTree = "<group>"; };
		8BE306EB1DA89DE100FD1025 /* Kakao_ImgProc_Scaler.h */ = {isa = PBXFileReference; fileEncoding = 4; lastKnownFileType = sourcecode.c.h; path = Kakao_ImgProc_Scaler.h; sourceTree = "<group>"; };
		8BE306EC1DA89DE100FD1025 /* Kakao_ImgProc_SIMD.h */ = {isa = PBXFileReference; fileEncoding = 4; lastKnownFileType = sourcecode.c.h; path = Kakao_ImgProc_SIMD.h; sourceTree = "<group>"; };
		8BE306ED1DA89DE100FD1025 /* Kakao_ImgProc_Skin.h */ = {isa = PBXFileReference; fileEncoding = 4; lastKnownFileType = sourcecode.c.h; path = Kakao_ImgProc_Skin.h; sourceTree = "<group>"; };
		8BE306EE1DA89DE100FD1025 /* Kakao_ImgProc_SSE.h */ = {isa = PBXFileReference; fileEncoding = 4; lastKnownFileType = sourcecode.c.h; path = Kakao_ImgProc_SSE.h; sourceTree = "<group>"; };
		8BE306EF1DA89DE100FD1025 /* Kakao_ImgProc_SSE2.h */ = {isa = PBXFileReference; fileEncoding = 4; lastKnownFileType = sourcecode.c.h; path = Kakao_ImgProc_SSE2.h; sourceTree = "<group>"; };
		8BE306F01DA89DE100FD1025 /* Kakao_ImgProc_SSE3.h */ = {isa = PBXFileReference; fileEncoding = 4; lastKnownFileType = sourcecode.c.h; path = Kakao_ImgProc_SSE3.h; sourceTree = "<group>"; };
		8BE306F11DA89DE100FD1025 /* Kakao_ImgProc_SSE4.h */ = {isa = PBXFileReference; fileEncoding = 4; lastKnownFileType = sourcecode.c.h; path = Kakao_ImgProc_SSE4.h; sourceTree = "<group>"; };
		8BE306F21DA89DE100FD1025 /* Kakao_ImgProc_Structure.h */ = {isa = PBXFileReference; fileEncoding = 4; lastKnownFileType = sourcecode.c.h; path = Kakao_ImgProc_Structure.h; sourceTree = "<group>"; };
		8BE306F31DA89DE100FD1025 /* Kakao_ImgProc_Thread.h */ = {isa = PBXFileReference; fileEncoding = 4; lastKnownFileType = sourcecode.c.h; path = Kakao_ImgProc_Thread.h; sourceTree = "<group>"; };
		8BE306F41DA89DE100FD1025 /* Kakao_ImgProc_Typedefs.h */ = {isa = PBXFileReference; fileEncoding = 4; lastKnownFileType = sourcecode.c.h; path = Kakao_ImgProc_Typedefs.h; sourceTree = "<group>"; };
		8BE306F51DA89DE100FD1025 /* Kakao_ImgProc_Util.h */ = {isa = PBXFileReference; fileEncoding = 4; lastKnownFileType = sourcecode.c.h; path = Kakao_ImgProc_Util.h; sourceTree = "<group>"; };
		8BE306F61DA89DE100FD1025 /* Kakao_ImgProc_VisualAttend.h */ = {isa = PBXFileReference; fileEncoding = 4; lastKnownFileType = sourcecode.c.h; path = Kakao_ImgProc_VisualAttend.h; sourceTree = "<group>"; };
		8BE306F71DA89DE100FD1025 /* test_sample1_640x480.h */ = {isa = PBXFileReference; fileEncoding = 4; lastKnownFileType = sourcecode.c.h; path = test_sample1_640x480.h; sourceTree = "<group>"; };
		8BE306F81DA89DE100FD1025 /* test_sample2_640x480.h */ = {isa = PBXFileReference; fileEncoding = 4; lastKnownFileType = sourcecode.c.h; path = test_sample2_640x480.h; sourceTree = "<group>"; };
		8BE306FA1DA89DE100FD1025 /* Kakao_ImgProc_C_Opt.c */ = {isa = PBXFileReference; fileEncoding = 4; lastKnownFileType = sourcecode.c.c; path = Kakao_ImgProc_C_Opt.c; sourceTree = "<group>"; };
		8BE306FB1DA89DE100FD1025 /* Kakao_ImgProc_ColorTool.c */ = {isa = PBXFileReference; fileEncoding = 4; lastKnownFileType = sourcecode.c.c; path = Kakao_ImgProc_ColorTool.c; sourceTree = "<group>"; };
		8BE306FC1DA89DE100FD1025 /* Kakao_ImgProc_EdgeDetector.c */ = {isa = PBXFileReference; fileEncoding = 4; lastKnownFileType = sourcecode.c.c; path = Kakao_ImgProc_EdgeDetector.c; sourceTree = "<group>"; };
		8BE306FD1DA89DE100FD1025 /* Kakao_ImgProc_ExtractBG.c */ = {isa = PBXFileReference; fileEncoding = 4; lastKnownFileType = sourcecode.c.c; path = Kakao_ImgProc_ExtractBG.c; sourceTree = "<group>"; };
		8BE306FE1DA89DE100FD1025 /* Kakao_ImgProc_Filter.c */ = {isa = PBXFileReference; fileEncoding = 4; lastKnownFileType = sourcecode.c.c; path = Kakao_ImgProc_Filter.c; sourceTree = "<group>"; };
		8BE306FF1DA89DE100FD1025 /* Kakao_ImgProc_Histogram.c */ = {isa = PBXFileReference; fileEncoding = 4; lastKnownFileType = sourcecode.c.c; path = Kakao_ImgProc_Histogram.c; sourceTree = "<group>"; };
		8BE307001DA89DE100FD1025 /* Kakao_ImgProc_ImgEnhance.c */ = {isa = PBXFileReference; fileEncoding = 4; lastKnownFileType = sourcecode.c.c; path = Kakao_ImgProc_ImgEnhance.c; sourceTree = "<group>"; };
		8BE307011DA89DE100FD1025 /* Kakao_ImgProc_ImgFeature.c */ = {isa = PBXFileReference; fileEncoding = 4; lastKnownFileType = sourcecode.c.c; path = Kakao_ImgProc_ImgFeature.c; sourceTree = "<group>"; };
		8BE307021DA89DE100FD1025 /* Kakao_ImgProc_IQA.c */ = {isa = PBXFileReference; fileEncoding = 4; lastKnownFileType = sourcecode.c.c; path = Kakao_ImgProc_IQA.c; sourceTree = "<group>"; };
		8BE307031DA89DE100FD1025 /* Kakao_ImgProc_Labeling.c */ = {isa = PBXFileReference; fileEncoding = 4; lastKnownFileType = sourcecode.c.c; path = Kakao_ImgProc_Labeling.c; sourceTree = "<group>"; };
		8BE307041DA89DE100FD1025 /* Kakao_ImgProc_MeanShift.c */ = {isa = PBXFileReference; fileEncoding = 4; lastKnownFileType = sourcecode.c.c; path = Kakao_ImgProc_MeanShift.c; sourceTree = "<group>"; };
		8BE307051DA89DE100FD1025 /* Kakao_ImgProc_NEON.c */ = {isa = PBXFileReference; fileEncoding = 4; lastKnownFileType = sourcecode.c.c; path = Kakao_ImgProc_NEON.c; sourceTree = "<group>"; };
		8BE307061DA89DE100FD1025 /* Kakao_ImgProc_ObjDetector.c */ = {isa = PBXFileReference; fileEncoding = 4; lastKnownFileType = sourcecode.c.c; path = Kakao_ImgProc_ObjDetector.c; sourceTree = "<group>"; };
		8BE307071DA89DE100FD1025 /* Kakao_ImgProc_Processor.c */ = {isa = PBXFileReference; fileEncoding = 4; lastKnownFileType = sourcecode.c.c; path = Kakao_ImgProc_Processor.c; sourceTree = "<group>"; };
		8BE307081DA89DE100FD1025 /* Kakao_ImgProc_Profile.c */ = {isa = PBXFileReference; fileEncoding = 4; lastKnownFileType = sourcecode.c.c; path = Kakao_ImgProc_Profile.c; sourceTree = "<group>"; };
		8BE307091DA89DE100FD1025 /* Kakao_ImgProc_ROI.c */ = {isa = PBXFileReference; fileEncoding = 4; lastKnownFileType = sourcecode.c.c; path = Kakao_ImgProc_ROI.c; sourceTree = "<group>"; };
		8BE3070A1DA89DE100FD1025 /* Kakao_ImgProc_Rotate.c */ = {isa = PBXFileReference; fileEncoding = 4; lastKnownFileType = sourcecode.c.c; path = Kakao_ImgProc_Rotate.c; sourceTree = "<group>"; };
		8BE3070B1DA89DE100FD1025 /* Kakao_ImgProc_SBD.c */ = {isa = PBXFileReference; fileEncoding = 4; lastKnownFileType = sourcecode.c.c; path = Kakao_ImgProc_SBD.c; sourceTree = "<group>"; };
		8BE3070C1DA89DE100FD1025 /* Kakao_ImgProc_Scaler.c */ = {isa = PBXFileReference; fileEncoding = 4; lastKnownFileType = sourcecode.c.c; path = Kakao_ImgProc_Scaler.c; sourceTree = "<group>"; };
		8BE3070D1DA89DE100FD1025 /* Kakao_ImgProc_SIMD.c */ = {isa = PBXFileReference; fileEncoding = 4; lastKnownFileType = sourcecode.c.c; path = Kakao_ImgProc_SIMD.c; sourceTree = "<group>"; };
		8BE3070E1DA89DE100FD1025 /* Kakao_ImgProc_Skin.c */ = {isa = PBXFileReference; fileEncoding = 4; lastKnownFileType = sourcecode.c.c; path = Kakao_ImgProc_Skin.c; sourceTree = "<group>"; };
		8BE3070F1DA89DE100FD1025 /* Kakao_ImgProc_SSE.c */ = {isa = PBXFileReference; fileEncoding = 4; lastKnownFileType = sourcecode.c.c; path = Kakao_ImgProc_SSE.c; sourceTree = "<group>"; };
		8BE307101DA89DE100FD1025 /* Kakao_ImgProc_SSE2.c */ = {isa = PBXFileReference; fileEncoding = 4; lastKnownFileType = sourcecode.c.c; path = Kakao_ImgProc_SSE2.c; sourceTree = "<group>"; };
		8BE307111DA89DE100FD1025 /* Kakao_ImgProc_SSE3.c */ = {isa = PBXFileReference; fileEncoding = 4; lastKnownFileType = sourcecode.c.c; path = Kakao_ImgProc_SSE3.c; sourceTree = "<group>"; };
		8BE307121DA89DE100FD1025 /* Kakao_ImgProc_SSE4.c */ = {isa = PBXFileReference; fileEncoding = 4; lastKnownFileType = sourcecode.c.c; path = Kakao_ImgProc_SSE4.c; sourceTree = "<group>"; };
		8BE307131DA89DE100FD1025 /* Kakao_ImgProc_Thread.c */ = {isa = PBXFileReference; fileEncoding = 4; lastKnownFileType = sourcecode.c.c; path = Kakao_ImgProc_Thread.c; sourceTree = "<group>"; };
		8BE307141DA89DE100FD1025 /* Kakao_ImgProc_Util.c */ = {isa = PBXFileReference; fileEncoding = 4; lastKnownFileType = sourcecode.c.c; path = Kakao_ImgProc_Util.c; sourceTree = "<group>"; };
		8BE307381DA89DE100FD1025 /* basic_types.h */ = {isa = PBXFileReference; fileEncoding = 4; lastKnownFileType = sourcecode.c.h; path = basic_types.h; sourceTree = "<group>"; };
		8BE307391DA89DE100FD1025 /* compare.h */ = {isa = PBXFileReference; fileEncoding = 4; lastKnownFileType = sourcecode.c.h; path = compare.h; sourceTree = "<group>"; };
		8BE3073A1DA89DE100FD1025 /* compare_row.h */ = {isa = PBXFileReference; fileEncoding = 4; lastKnownFileType = sourcecode.c.h; path = compare_row.h; sourceTree = "<group>"; };
		8BE3073B1DA89DE100FD1025 /* convert.h */ = {isa = PBXFileReference; fileEncoding = 4; lastKnownFileType = sourcecode.c.h; path = convert.h; sourceTree = "<group>"; };
		8BE3073C1DA89DE100FD1025 /* convert_argb.h */ = {isa = PBXFileReference; fileEncoding = 4; lastKnownFileType = sourcecode.c.h; path = convert_argb.h; sourceTree = "<group>"; };
		8BE3073D1DA89DE100FD1025 /* convert_from.h */ = {isa = PBXFileReference; fileEncoding = 4; lastKnownFileType = sourcecode.c.h; path = convert_from.h; sourceTree = "<group>"; };
		8BE3073E1DA89DE100FD1025 /* convert_from_argb.h */ = {isa = PBXFileReference; fileEncoding = 4; lastKnownFileType = sourcecode.c.h; path = convert_from_argb.h; sourceTree = "<group>"; };
		8BE3073F1DA89DE100FD1025 /* cpu_id.h */ = {isa = PBXFileReference; fileEncoding = 4; lastKnownFileType = sourcecode.c.h; path = cpu_id.h; sourceTree = "<group>"; };
		8BE307401DA89DE100FD1025 /* mjpeg_decoder.h */ = {isa = PBXFileReference; fileEncoding = 4; lastKnownFileType = sourcecode.c.h; path = mjpeg_decoder.h; sourceTree = "<group>"; };
		8BE307411DA89DE100FD1025 /* planar_functions.h */ = {isa = PBXFileReference; fileEncoding = 4; lastKnownFileType = sourcecode.c.h; path = planar_functions.h; sourceTree = "<group>"; };
		8BE307421DA89DE100FD1025 /* rotate.h */ = {isa = PBXFileReference; fileEncoding = 4; lastKnownFileType = sourcecode.c.h; path = rotate.h; sourceTree = "<group>"; };
		8BE307431DA89DE100FD1025 /* rotate_argb.h */ = {isa = PBXFileReference; fileEncoding = 4; lastKnownFileType = sourcecode.c.h; path = rotate_argb.h; sourceTree = "<group>"; };
		8BE307441DA89DE100FD1025 /* rotate_row.h */ = {isa = PBXFileReference; fileEncoding = 4; lastKnownFileType = sourcecode.c.h; path = rotate_row.h; sourceTree = "<group>"; };
		8BE307451DA89DE100FD1025 /* row.h */ = {isa = PBXFileReference; fileEncoding = 4; lastKnownFileType = sourcecode.c.h; path = row.h; sourceTree = "<group>"; };
		8BE307461DA89DE100FD1025 /* scale.h */ = {isa = PBXFileReference; fileEncoding = 4; lastKnownFileType = sourcecode.c.h; path = scale.h; sourceTree = "<group>"; };
		8BE307471DA89DE100FD1025 /* scale_argb.h */ = {isa = PBXFileReference; fileEncoding = 4; lastKnownFileType = sourcecode.c.h; path = scale_argb.h; sourceTree = "<group>"; };
		8BE307481DA89DE100FD1025 /* scale_row.h */ = {isa = PBXFileReference; fileEncoding = 4; lastKnownFileType = sourcecode.c.h; path = scale_row.h; sourceTree = "<group>"; };
		8BE307491DA89DE100FD1025 /* version.h */ = {isa = PBXFileReference; fileEncoding = 4; lastKnownFileType = sourcecode.c.h; path = version.h; sourceTree = "<group>"; };
		8BE3074A1DA89DE100FD1025 /* video_common.h */ = {isa = PBXFileReference; fileEncoding = 4; lastKnownFileType = sourcecode.c.h; path = video_common.h; sourceTree = "<group>"; };
		8BE3074E1DA89DE100FD1025 /* jconfig.h */ = {isa = PBXFileReference; fileEncoding = 4; lastKnownFileType = sourcecode.c.h; path = jconfig.h; sourceTree = "<group>"; };
		8BE3074F1DA89DE100FD1025 /* jerror.h */ = {isa = PBXFileReference; fileEncoding = 4; lastKnownFileType = sourcecode.c.h; path = jerror.h; sourceTree = "<group>"; };
		8BE307501DA89DE100FD1025 /* jmorecfg.h */ = {isa = PBXFileReference; fileEncoding = 4; lastKnownFileType = sourcecode.c.h; path = jmorecfg.h; sourceTree = "<group>"; };
		8BE307511DA89DE100FD1025 /* jpeglib.h */ = {isa = PBXFileReference; fileEncoding = 4; lastKnownFileType = sourcecode.c.h; path = jpeglib.h; sourceTree = "<group>"; };
		8BE307531DA89DE100FD1025 /* turbojpeg.h */ = {isa = PBXFileReference; fileEncoding = 4; lastKnownFileType = sourcecode.c.h; path = turbojpeg.h; sourceTree = "<group>"; };
		8BE3075C1DA89DE100FD1025 /* compare.cc */ = {isa = PBXFileReference; fileEncoding = 4; lastKnownFileType = sourcecode.cpp.cpp; path = compare.cc; sourceTree = "<group>"; };
		8BE3075D1DA89DE100FD1025 /* compare_common.cc */ = {isa = PBXFileReference; fileEncoding = 4; lastKnownFileType = sourcecode.cpp.cpp; path = compare_common.cc; sourceTree = "<group>"; };
		8BE3075E1DA89DE100FD1025 /* compare_gcc.cc */ = {isa = PBXFileReference; fileEncoding = 4; lastKnownFileType = sourcecode.cpp.cpp; path = compare_gcc.cc; sourceTree = "<group>"; };
		8BE3075F1DA89DE100FD1025 /* compare_neon.cc */ = {isa = PBXFileReference; fileEncoding = 4; lastKnownFileType = sourcecode.cpp.cpp; path = compare_neon.cc; sourceTree = "<group>"; };
		8BE307601DA89DE100FD1025 /* compare_neon64.cc */ = {isa = PBXFileReference; fileEncoding = 4; lastKnownFileType = sourcecode.cpp.cpp; path = compare_neon64.cc; sourceTree = "<group>"; };
		8BE307611DA89DE100FD1025 /* compare_win.cc */ = {isa = PBXFileReference; fileEncoding = 4; lastKnownFileType = sourcecode.cpp.cpp; path = compare_win.cc; sourceTree = "<group>"; };
		8BE307621DA89DE100FD1025 /* convert.cc */ = {isa = PBXFileReference; fileEncoding = 4; lastKnownFileType = sourcecode.cpp.cpp; path = convert.cc; sourceTree = "<group>"; };
		8BE307631DA89DE100FD1025 /* convert_argb.cc */ = {isa = PBXFileReference; fileEncoding = 4; lastKnownFileType = sourcecode.cpp.cpp; path = convert_argb.cc; sourceTree = "<group>"; };
		8BE307641DA89DE100FD1025 /* convert_from.cc */ = {isa = PBXFileReference; fileEncoding = 4; lastKnownFileType = sourcecode.cpp.cpp; path = convert_from.cc; sourceTree = "<group>"; };
		8BE307651DA89DE100FD1025 /* convert_from_argb.cc */ = {isa = PBXFileReference; fileEncoding = 4; lastKnownFileType = sourcecode.cpp.cpp; path = convert_from_argb.cc; sourceTree = "<group>"; };
		8BE307661DA89DE100FD1025 /* convert_jpeg.cc */ = {isa = PBXFileReference; fileEncoding = 4; lastKnownFileType = sourcecode.cpp.cpp; path = convert_jpeg.cc; sourceTree = "<group>"; };
		8BE307671DA89DE100FD1025 /* convert_to_argb.cc */ = {isa = PBXFileReference; fileEncoding = 4; lastKnownFileType = sourcecode.cpp.cpp; path = convert_to_argb.cc; sourceTree = "<group>"; };
		8BE307681DA89DE100FD1025 /* convert_to_i420.cc */ = {isa = PBXFileReference; fileEncoding = 4; lastKnownFileType = sourcecode.cpp.cpp; path = convert_to_i420.cc; sourceTree = "<group>"; };
		8BE307691DA89DE100FD1025 /* cpu_id.cc */ = {isa = PBXFileReference; fileEncoding = 4; lastKnownFileType = sourcecode.cpp.cpp; path = cpu_id.cc; sourceTree = "<group>"; };
		8BE3076A1DA89DE100FD1025 /* mjpeg_decoder.cc */ = {isa = PBXFileReference; fileEncoding = 4; lastKnownFileType = sourcecode.cpp.cpp; path = mjpeg_decoder.cc; sourceTree = "<group>"; };
		8BE3076B1DA89DE100FD1025 /* mjpeg_validate.cc */ = {isa = PBXFileReference; fileEncoding = 4; lastKnownFileType = sourcecode.cpp.cpp; path = mjpeg_validate.cc; sourceTree = "<group>"; };
		8BE3076C1DA89DE100FD1025 /* planar_functions.cc */ = {isa = PBXFileReference; fileEncoding = 4; lastKnownFileType = sourcecode.cpp.cpp; path = planar_functions.cc; sourceTree = "<group>"; };
		8BE3076D1DA89DE100FD1025 /* rotate.cc */ = {isa = PBXFileReference; fileEncoding = 4; lastKnownFileType = sourcecode.cpp.cpp; path = rotate.cc; sourceTree = "<group>"; };
		8BE3076E1DA89DE100FD1025 /* rotate_any.cc */ = {isa = PBXFileReference; fileEncoding = 4; lastKnownFileType = sourcecode.cpp.cpp; path = rotate_any.cc; sourceTree = "<group>"; };
		8BE3076F1DA89DE100FD1025 /* rotate_argb.cc */ = {isa = PBXFileReference; fileEncoding = 4; lastKnownFileType = sourcecode.cpp.cpp; path = rotate_argb.cc; sourceTree = "<group>"; };
		8BE307701DA89DE100FD1025 /* rotate_common.cc */ = {isa = PBXFileReference; fileEncoding = 4; lastKnownFileType = sourcecode.cpp.cpp; path = rotate_common.cc; sourceTree = "<group>"; };
		8BE307711DA89DE100FD1025 /* rotate_gcc.cc */ = {isa = PBXFileReference; fileEncoding = 4; lastKnownFileType = sourcecode.cpp.cpp; path = rotate_gcc.cc; sourceTree = "<group>"; };
		8BE307721DA89DE100FD1025 /* rotate_mips.cc */ = {isa = PBXFileReference; fileEncoding = 4; lastKnownFileType = sourcecode.cpp.cpp; path = rotate_mips.cc; sourceTree = "<group>"; };
		8BE307731DA89DE100FD1025 /* rotate_neon.cc */ = {isa = PBXFileReference; fileEncoding = 4; lastKnownFileType = sourcecode.cpp.cpp; path = rotate_neon.cc; sourceTree = "<group>"; };
		8BE307741DA89DE100FD1025 /* rotate_neon64.cc */ = {isa = PBXFileReference; fileEncoding = 4; lastKnownFileType = sourcecode.cpp.cpp; path = rotate_neon64.cc; sourceTree = "<group>"; };
		8BE307751DA89DE100FD1025 /* rotate_win.cc */ = {isa = PBXFileReference; fileEncoding = 4; lastKnownFileType = sourcecode.cpp.cpp; path = rotate_win.cc; sourceTree = "<group>"; };
		8BE307761DA89DE100FD1025 /* row_any.cc */ = {isa = PBXFileReference; fileEncoding = 4; lastKnownFileType = sourcecode.cpp.cpp; path = row_any.cc; sourceTree = "<group>"; };
		8BE307771DA89DE100FD1025 /* row_common.cc */ = {isa = PBXFileReference; fileEncoding = 4; lastKnownFileType = sourcecode.cpp.cpp; path = row_common.cc; sourceTree = "<group>"; };
		8BE307781DA89DE100FD1025 /* row_gcc.cc */ = {isa = PBXFileReference; fileEncoding = 4; lastKnownFileType = sourcecode.cpp.cpp; path = row_gcc.cc; sourceTree = "<group>"; };
		8BE307791DA89DE100FD1025 /* row_mips.cc */ = {isa = PBXFileReference; fileEncoding = 4; lastKnownFileType = sourcecode.cpp.cpp; path = row_mips.cc; sourceTree = "<group>"; };
		8BE3077A1DA89DE100FD1025 /* row_neon.cc */ = {isa = PBXFileReference; fileEncoding = 4; lastKnownFileType = sourcecode.cpp.cpp; path = row_neon.cc; sourceTree = "<group>"; };
		8BE3077B1DA89DE100FD1025 /* row_neon64.cc */ = {isa = PBXFileReference; fileEncoding = 4; lastKnownFileType = sourcecode.cpp.cpp; path = row_neon64.cc; sourceTree = "<group>"; };
		8BE3077C1DA89DE100FD1025 /* row_posix.cc */ = {isa = PBXFileReference; fileEncoding = 4; lastKnownFileType = sourcecode.cpp.cpp; path = row_posix.cc; sourceTree = "<group>"; };
		8BE3077D1DA89DE100FD1025 /* row_win.cc */ = {isa = PBXFileReference; fileEncoding = 4; lastKnownFileType = sourcecode.cpp.cpp; path = row_win.cc; sourceTree = "<group>"; };
		8BE3077E1DA89DE100FD1025 /* row_x86.asm */ = {isa = PBXFileReference; lastKnownFileType = sourcecode.asm.asm; path = row_x86.asm; sourceTree = "<group>"; };
		8BE3077F1DA89DE100FD1025 /* scale.cc */ = {isa = PBXFileReference; fileEncoding = 4; lastKnownFileType = sourcecode.cpp.cpp; path = scale.cc; sourceTree = "<group>"; };
		8BE307801DA89DE100FD1025 /* scale_any.cc */ = {isa = PBXFileReference; fileEncoding = 4; lastKnownFileType = sourcecode.cpp.cpp; path = scale_any.cc; sourceTree = "<group>"; };
		8BE307811DA89DE100FD1025 /* scale_argb.cc */ = {isa = PBXFileReference; fileEncoding = 4; lastKnownFileType = sourcecode.cpp.cpp; path = scale_argb.cc; sourceTree = "<group>"; };
		8BE307821DA89DE100FD1025 /* scale_common.cc */ = {isa = PBXFileReference; fileEncoding = 4; lastKnownFileType = sourcecode.cpp.cpp; path = scale_common.cc; sourceTree = "<group>"; };
		8BE307831DA89DE100FD1025 /* scale_gcc.cc */ = {isa = PBXFileReference; fileEncoding = 4; lastKnownFileType = sourcecode.cpp.cpp; path = scale_gcc.cc; sourceTree = "<group>"; };
		8BE307841DA89DE100FD1025 /* scale_mips.cc */ = {isa = PBXFileReference; fileEncoding = 4; lastKnownFileType = sourcecode.cpp.cpp; path = scale_mips.cc; sourceTree = "<group>"; };
		8BE307851DA89DE100FD1025 /* scale_neon.cc */ = {isa = PBXFileReference; fileEncoding = 4; lastKnownFileType = sourcecode.cpp.cpp; path = scale_neon.cc; sourceTree = "<group>"; };
		8BE307861DA89DE100FD1025 /* scale_neon64.cc */ = {isa = PBXFileReference; fileEncoding = 4; lastKnownFileType = sourcecode.cpp.cpp; path = scale_neon64.cc; sourceTree = "<group>"; };
		8BE307871DA89DE100FD1025 /* scale_posix.cc */ = {isa = PBXFileReference; fileEncoding = 4; lastKnownFileType = sourcecode.cpp.cpp; path = scale_posix.cc; sourceTree = "<group>"; };
		8BE307881DA89DE100FD1025 /* scale_win.cc */ = {isa = PBXFileReference; fileEncoding = 4; lastKnownFileType = sourcecode.cpp.cpp; path = scale_win.cc; sourceTree = "<group>"; };
		8BE307891DA89DE100FD1025 /* video_common.cc */ = {isa = PBXFileReference; fileEncoding = 4; lastKnownFileType = sourcecode.cpp.cpp; path = video_common.cc; sourceTree = "<group>"; };
/* End PBXFileReference section */

/* Begin PBXFrameworksBuildPhase section */
		8BE3059A1DA89CFF00FD1025 /* Frameworks */ = {
			isa = PBXFrameworksBuildPhase;
			buildActionMask = 2147483647;
			files = (
				8B985EE11DAC9130008E805D /* QTKit.framework in Frameworks */,
				8B985EDF1DAC9127008E805D /* QuartzCore.framework in Frameworks */,
				8B985EDD1DAC911B008E805D /* AppKit.framework in Frameworks */,
				8B985EDB1DAC7C40008E805D /* CoreMedia.framework in Frameworks */,
				8B985ED91DAC7C35008E805D /* CoreVideo.framework in Frameworks */,
				8B985ED71DAC7C2D008E805D /* AVFoundation.framework in Frameworks */,
				8B985ECF1DAC7ADF008E805D /* libIlmImf.a in Frameworks */,
				8B985ED21DAC7ADF008E805D /* liblibpng.a in Frameworks */,
				8B985EBD1DAC7A6D008E805D /* libopencv_imgproc.a in Frameworks */,
				8BAC6A0C1DD1690E007D00FC /* libopencv_highgui.a in Frameworks */,
				8B985EB71DAC7A6D008E805D /* libopencv_core.a in Frameworks */,
				8B985ED41DAC7ADF008E805D /* libzlib.a in Frameworks */,
				8B985ED31DAC7ADF008E805D /* liblibtiff.a in Frameworks */,
				8B985ED11DAC7ADF008E805D /* liblibjpeg.a in Frameworks */,
				8B985ED01DAC7ADF008E805D /* liblibjasper.a in Frameworks */,
			);
			runOnlyForDeploymentPostprocessing = 0;
		};
/* End PBXFrameworksBuildPhase section */

/* Begin PBXGroup section */
		8B985ED51DAC7C2D008E805D /* Frameworks */ = {
			isa = PBXGroup;
			children = (
				8B985EE01DAC9130008E805D /* QTKit.framework */,
				8B985EDE1DAC9127008E805D /* QuartzCore.framework */,
				8B985EDC1DAC911B008E805D /* AppKit.framework */,
				8B985EDA1DAC7C40008E805D /* CoreMedia.framework */,
				8B985ED81DAC7C35008E805D /* CoreVideo.framework */,
				8B985ED61DAC7C2D008E805D /* AVFoundation.framework */,
			);
			name = Frameworks;
			sourceTree = "<group>";
		};
		8BE305941DA89CFF00FD1025 = {
			isa = PBXGroup;
			children = (
				8BE306C91DA89DE100FD1025 /* lib */,
				8BE3059F1DA89CFF00FD1025 /* MaverickDrone_Host */,
				8BE3059E1DA89CFF00FD1025 /* Products */,
				8B985ED51DAC7C2D008E805D /* Frameworks */,
			);
			sourceTree = "<group>";
		};
		8BE3059E1DA89CFF00FD1025 /* Products */ = {
			isa = PBXGroup;
			children = (
				8BE3059D1DA89CFF00FD1025 /* MaverickDrone_Host_macOS */,
			);
			name = Products;
			sourceTree = "<group>";
		};
		8BE3059F1DA89CFF00FD1025 /* MaverickDrone_Host */ = {
			isa = PBXGroup;
			children = (
				8BE305A01DA89CFF00FD1025 /* main.c */,
				8B985EA31DAC7A6D008E805D /* libopencv_core.a */,
				8BAC6A0B1DD1690E007D00FC /* libopencv_highgui.a */,
				8B985EA91DAC7A6D008E805D /* libopencv_imgproc.a */,
				8B985EC91DAC7ADF008E805D /* libIlmImf.a */,
				8B985ECA1DAC7ADF008E805D /* liblibjasper.a */,
				8B985ECB1DAC7ADF008E805D /* liblibjpeg.a */,
				8B985ECC1DAC7ADF008E805D /* liblibpng.a */,
				8B985ECD1DAC7ADF008E805D /* liblibtiff.a */,
				8B985ECE1DAC7ADF008E805D /* libzlib.a */,
			);
			path = MaverickDrone_Host;
			sourceTree = "<group>";
		};
		8BE306C91DA89DE100FD1025 /* lib */ = {
			isa = PBXGroup;
			children = (
				8BE306CA1DA89DE100FD1025 /* imgproc */,
				8BE307351DA89DE100FD1025 /* libyuv */,
			);
			name = lib;
			path = ../../lib;
			sourceTree = "<group>";
		};
		8BE306CA1DA89DE100FD1025 /* imgproc */ = {
			isa = PBXGroup;
			children = (
				8BE306CC1DA89DE100FD1025 /* include */,
				8BE306F91DA89DE100FD1025 /* src */,
			);
			path = imgproc;
			sourceTree = "<group>";
		};
		8BE306CC1DA89DE100FD1025 /* include */ = {
			isa = PBXGroup;
			children = (
				8BE306CD1DA89DE100FD1025 /* Kakao_Haarfeatures_Eyes.h */,
				8BE306CE1DA89DE100FD1025 /* Kakao_Haarfeatures_Face_front.h */,
				8BE306CF1DA89DE100FD1025 /* Kakao_Haarfeatures_Face_front_alt.h */,
				8BE306D01DA89DE100FD1025 /* Kakao_Haarfeatures_Face_front_alt2.h */,
				8BE306D11DA89DE100FD1025 /* Kakao_Haarfeatures_Nose.h */,
				8BE306D21DA89DE100FD1025 /* Kakao_Haarfeatures_Smile.h */,
				8BE306D31DA89DE100FD1025 /* Kakao_ImgProc_C_Opt.h */,
				8BE306D41DA89DE100FD1025 /* Kakao_ImgProc_ColorTool.h */,
				8BE306D51DA89DE100FD1025 /* Kakao_ImgProc_Core.h */,
				8BE306D61DA89DE100FD1025 /* Kakao_ImgProc_Define.h */,
				8BE306D71DA89DE100FD1025 /* Kakao_ImgProc_EdgeDetector.h */,
				8BE306D81DA89DE100FD1025 /* Kakao_ImgProc_ExtractBG.h */,
				8BE306D91DA89DE100FD1025 /* Kakao_ImgProc_Filter.h */,
				8BE306DA1DA89DE100FD1025 /* Kakao_ImgProc_FunctionDef.h */,
				8BE306DB1DA89DE100FD1025 /* Kakao_ImgProc_Histogram.h */,
				8BE306DC1DA89DE100FD1025 /* Kakao_ImgProc_ImgEnhance.h */,
				8BE306DD1DA89DE100FD1025 /* Kakao_ImgProc_ImgFeature.h */,
				8BE306DE1DA89DE100FD1025 /* Kakao_ImgProc_IQA.h */,
				8BE306DF1DA89DE100FD1025 /* Kakao_ImgProc_Labeling.h */,
				8BE306E01DA89DE100FD1025 /* Kakao_ImgProc_MeanShift.h */,
				8BE306E11DA89DE100FD1025 /* Kakao_ImgProc_Misc.h */,
				8BE306E21DA89DE100FD1025 /* Kakao_ImgProc_Modules.h */,
				8BE306E31DA89DE100FD1025 /* Kakao_ImgProc_NEON.h */,
				8BE306E41DA89DE100FD1025 /* Kakao_ImgProc_ObjDetector.h */,
				8BE306E51DA89DE100FD1025 /* Kakao_ImgProc_Platform.h */,
				8BE306E61DA89DE100FD1025 /* Kakao_ImgProc_Processor.h */,
				8BE306E71DA89DE100FD1025 /* Kakao_ImgProc_Profile.h */,
				8BE306E81DA89DE100FD1025 /* Kakao_ImgProc_ROI.h */,
				8BE306E91DA89DE100FD1025 /* Kakao_ImgProc_Rotate.h */,
				8BE306EA1DA89DE100FD1025 /* Kakao_ImgProc_SBD.h */,
				8BE306EB1DA89DE100FD1025 /* Kakao_ImgProc_Scaler.h */,
				8BE306EC1DA89DE100FD1025 /* Kakao_ImgProc_SIMD.h */,
				8BE306ED1DA89DE100FD1025 /* Kakao_ImgProc_Skin.h */,
				8BE306EE1DA89DE100FD1025 /* Kakao_ImgProc_SSE.h */,
				8BE306EF1DA89DE100FD1025 /* Kakao_ImgProc_SSE2.h */,
				8BE306F01DA89DE100FD1025 /* Kakao_ImgProc_SSE3.h */,
				8BE306F11DA89DE100FD1025 /* Kakao_ImgProc_SSE4.h */,
				8BE306F21DA89DE100FD1025 /* Kakao_ImgProc_Structure.h */,
				8BE306F31DA89DE100FD1025 /* Kakao_ImgProc_Thread.h */,
				8BE306F41DA89DE100FD1025 /* Kakao_ImgProc_Typedefs.h */,
				8BE306F51DA89DE100FD1025 /* Kakao_ImgProc_Util.h */,
				8BE306F61DA89DE100FD1025 /* Kakao_ImgProc_VisualAttend.h */,
				8BE306F71DA89DE100FD1025 /* test_sample1_640x480.h */,
				8BE306F81DA89DE100FD1025 /* test_sample2_640x480.h */,
			);
			path = include;
			sourceTree = "<group>";
		};
		8BE306F91DA89DE100FD1025 /* src */ = {
			isa = PBXGroup;
			children = (
				8BE306FA1DA89DE100FD1025 /* Kakao_ImgProc_C_Opt.c */,
				8BE306FB1DA89DE100FD1025 /* Kakao_ImgProc_ColorTool.c */,
				8BE306FC1DA89DE100FD1025 /* Kakao_ImgProc_EdgeDetector.c */,
				8BE306FD1DA89DE100FD1025 /* Kakao_ImgProc_ExtractBG.c */,
				8BE306FE1DA89DE100FD1025 /* Kakao_ImgProc_Filter.c */,
				8BE306FF1DA89DE100FD1025 /* Kakao_ImgProc_Histogram.c */,
				8BE307001DA89DE100FD1025 /* Kakao_ImgProc_ImgEnhance.c */,
				8BE307011DA89DE100FD1025 /* Kakao_ImgProc_ImgFeature.c */,
				8BE307021DA89DE100FD1025 /* Kakao_ImgProc_IQA.c */,
				8BE307031DA89DE100FD1025 /* Kakao_ImgProc_Labeling.c */,
				8BE307041DA89DE100FD1025 /* Kakao_ImgProc_MeanShift.c */,
				8BE307051DA89DE100FD1025 /* Kakao_ImgProc_NEON.c */,
				8BE307061DA89DE100FD1025 /* Kakao_ImgProc_ObjDetector.c */,
				8BE307071DA89DE100FD1025 /* Kakao_ImgProc_Processor.c */,
				8BE307081DA89DE100FD1025 /* Kakao_ImgProc_Profile.c */,
				8BE307091DA89DE100FD1025 /* Kakao_ImgProc_ROI.c */,
				8BE3070A1DA89DE100FD1025 /* Kakao_ImgProc_Rotate.c */,
				8BE3070B1DA89DE100FD1025 /* Kakao_ImgProc_SBD.c */,
				8BE3070C1DA89DE100FD1025 /* Kakao_ImgProc_Scaler.c */,
				8BE3070D1DA89DE100FD1025 /* Kakao_ImgProc_SIMD.c */,
				8BE3070E1DA89DE100FD1025 /* Kakao_ImgProc_Skin.c */,
				8BE3070F1DA89DE100FD1025 /* Kakao_ImgProc_SSE.c */,
				8BE307101DA89DE100FD1025 /* Kakao_ImgProc_SSE2.c */,
				8BE307111DA89DE100FD1025 /* Kakao_ImgProc_SSE3.c */,
				8BE307121DA89DE100FD1025 /* Kakao_ImgProc_SSE4.c */,
				8BE307131DA89DE100FD1025 /* Kakao_ImgProc_Thread.c */,
				8BE307141DA89DE100FD1025 /* Kakao_ImgProc_Util.c */,
			);
			path = src;
			sourceTree = "<group>";
		};
		8BE307351DA89DE100FD1025 /* libyuv */ = {
			isa = PBXGroup;
			children = (
				8BE307361DA89DE100FD1025 /* include */,
				8BE3074C1DA89DE100FD1025 /* jpeg */,
				8BE3075B1DA89DE100FD1025 /* src */,
			);
			path = libyuv;
			sourceTree = "<group>";
		};
		8BE307361DA89DE100FD1025 /* include */ = {
			isa = PBXGroup;
			children = (
				8BAC6A0A1DD16704007D00FC /* libyuv.h */,
				8BE307371DA89DE100FD1025 /* libyuv */,
			);
			path = include;
			sourceTree = "<group>";
		};
		8BE307371DA89DE100FD1025 /* libyuv */ = {
			isa = PBXGroup;
			children = (
				8BE307381DA89DE100FD1025 /* basic_types.h */,
				8BE307391DA89DE100FD1025 /* compare.h */,
				8BE3073A1DA89DE100FD1025 /* compare_row.h */,
				8BE3073B1DA89DE100FD1025 /* convert.h */,
				8BE3073C1DA89DE100FD1025 /* convert_argb.h */,
				8BE3073D1DA89DE100FD1025 /* convert_from.h */,
				8BE3073E1DA89DE100FD1025 /* convert_from_argb.h */,
				8BE3073F1DA89DE100FD1025 /* cpu_id.h */,
				8BE307401DA89DE100FD1025 /* mjpeg_decoder.h */,
				8BE307411DA89DE100FD1025 /* planar_functions.h */,
				8BE307421DA89DE100FD1025 /* rotate.h */,
				8BE307431DA89DE100FD1025 /* rotate_argb.h */,
				8BE307441DA89DE100FD1025 /* rotate_row.h */,
				8BE307451DA89DE100FD1025 /* row.h */,
				8BE307461DA89DE100FD1025 /* scale.h */,
				8BE307471DA89DE100FD1025 /* scale_argb.h */,
				8BE307481DA89DE100FD1025 /* scale_row.h */,
				8BE307491DA89DE100FD1025 /* version.h */,
				8BE3074A1DA89DE100FD1025 /* video_common.h */,
			);
			path = libyuv;
			sourceTree = "<group>";
		};
		8BE3074C1DA89DE100FD1025 /* jpeg */ = {
			isa = PBXGroup;
			children = (
				8BE3074D1DA89DE100FD1025 /* Mac */,
			);
			path = jpeg;
			sourceTree = "<group>";
		};
		8BE3074D1DA89DE100FD1025 /* Mac */ = {
			isa = PBXGroup;
			children = (
				8BE3074E1DA89DE100FD1025 /* jconfig.h */,
				8BE3074F1DA89DE100FD1025 /* jerror.h */,
				8BE307501DA89DE100FD1025 /* jmorecfg.h */,
				8BE307511DA89DE100FD1025 /* jpeglib.h */,
				8BE307531DA89DE100FD1025 /* turbojpeg.h */,
			);
			path = Mac;
			sourceTree = "<group>";
		};
		8BE3075B1DA89DE100FD1025 /* src */ = {
			isa = PBXGroup;
			children = (
				8BE3075C1DA89DE100FD1025 /* compare.cc */,
				8BE3075D1DA89DE100FD1025 /* compare_common.cc */,
				8BE3075E1DA89DE100FD1025 /* compare_gcc.cc */,
				8BE3075F1DA89DE100FD1025 /* compare_neon.cc */,
				8BE307601DA89DE100FD1025 /* compare_neon64.cc */,
				8BE307611DA89DE100FD1025 /* compare_win.cc */,
				8BE307621DA89DE100FD1025 /* convert.cc */,
				8BE307631DA89DE100FD1025 /* convert_argb.cc */,
				8BE307641DA89DE100FD1025 /* convert_from.cc */,
				8BE307651DA89DE100FD1025 /* convert_from_argb.cc */,
				8BE307661DA89DE100FD1025 /* convert_jpeg.cc */,
				8BE307671DA89DE100FD1025 /* convert_to_argb.cc */,
				8BE307681DA89DE100FD1025 /* convert_to_i420.cc */,
				8BE307691DA89DE100FD1025 /* cpu_id.cc */,
				8BE3076A1DA89DE100FD1025 /* mjpeg_decoder.cc */,
				8BE3076B1DA89DE100FD1025 /* mjpeg_validate.cc */,
				8BE3076C1DA89DE100FD1025 /* planar_functions.cc */,
				8BE3076D1DA89DE100FD1025 /* rotate.cc */,
				8BE3076E1DA89DE100FD1025 /* rotate_any.cc */,
				8BE3076F1DA89DE100FD1025 /* rotate_argb.cc */,
				8BE307701DA89DE100FD1025 /* rotate_common.cc */,
				8BE307711DA89DE100FD1025 /* rotate_gcc.cc */,
				8BE307721DA89DE100FD1025 /* rotate_mips.cc */,
				8BE307731DA89DE100FD1025 /* rotate_neon.cc */,
				8BE307741DA89DE100FD1025 /* rotate_neon64.cc */,
				8BE307751DA89DE100FD1025 /* rotate_win.cc */,
				8BE307761DA89DE100FD1025 /* row_any.cc */,
				8BE307771DA89DE100FD1025 /* row_common.cc */,
				8BE307781DA89DE100FD1025 /* row_gcc.cc */,
				8BE307791DA89DE100FD1025 /* row_mips.cc */,
				8BE3077A1DA89DE100FD1025 /* row_neon.cc */,
				8BE3077B1DA89DE100FD1025 /* row_neon64.cc */,
				8BE3077C1DA89DE100FD1025 /* row_posix.cc */,
				8BE3077D1DA89DE100FD1025 /* row_win.cc */,
				8BE3077E1DA89DE100FD1025 /* row_x86.asm */,
				8BE3077F1DA89DE100FD1025 /* scale.cc */,
				8BE307801DA89DE100FD1025 /* scale_any.cc */,
				8BE307811DA89DE100FD1025 /* scale_argb.cc */,
				8BE307821DA89DE100FD1025 /* scale_common.cc */,
				8BE307831DA89DE100FD1025 /* scale_gcc.cc */,
				8BE307841DA89DE100FD1025 /* scale_mips.cc */,
				8BE307851DA89DE100FD1025 /* scale_neon.cc */,
				8BE307861DA89DE100FD1025 /* scale_neon64.cc */,
				8BE307871DA89DE100FD1025 /* scale_posix.cc */,
				8BE307881DA89DE100FD1025 /* scale_win.cc */,
				8BE307891DA89DE100FD1025 /* video_common.cc */,
			);
			path = src;
			sourceTree = "<group>";
		};
/* End PBXGroup section */

/* Begin PBXNativeTarget section */
		8BE3059C1DA89CFF00FD1025 /* MaverickDrone_Host_macOS */ = {
			isa = PBXNativeTarget;
			buildConfigurationList = 8BE305A41DA89CFF00FD1025 /* Build configuration list for PBXNativeTarget "MaverickDrone_Host_macOS" */;
			buildPhases = (
				8BE305991DA89CFF00FD1025 /* Sources */,
				8BE3059A1DA89CFF00FD1025 /* Frameworks */,
				8BE3059B1DA89CFF00FD1025 /* CopyFiles */,
			);
			buildRules = (
			);
			dependencies = (
			);
			name = MaverickDrone_Host_macOS;
			productName = MaverickDrone_Host;
			productReference = 8BE3059D1DA89CFF00FD1025 /* MaverickDrone_Host_macOS */;
			productType = "com.apple.product-type.tool";
		};
/* End PBXNativeTarget section */

/* Begin PBXProject section */
		8BE305951DA89CFF00FD1025 /* Project object */ = {
			isa = PBXProject;
			attributes = {
				LastUpgradeCheck = 0800;
				ORGANIZATIONNAME = Minhohihi;
				TargetAttributes = {
					8BE3059C1DA89CFF00FD1025 = {
						CreatedOnToolsVersion = 8.0;
						ProvisioningStyle = Automatic;
					};
				};
			};
			buildConfigurationList = 8BE305981DA89CFF00FD1025 /* Build configuration list for PBXProject "MaverickDrone_Host" */;
			compatibilityVersion = "Xcode 3.2";
			developmentRegion = English;
			hasScannedForEncodings = 0;
			knownRegions = (
				en,
			);
			mainGroup = 8BE305941DA89CFF00FD1025;
			productRefGroup = 8BE3059E1DA89CFF00FD1025 /* Products */;
			projectDirPath = "";
			projectRoot = "";
			targets = (
				8BE3059C1DA89CFF00FD1025 /* MaverickDrone_Host_macOS */,
			);
		};
/* End PBXProject section */

/* Begin PBXSourcesBuildPhase section */
		8BE305991DA89CFF00FD1025 /* Sources */ = {
			isa = PBXSourcesBuildPhase;
			buildActionMask = 2147483647;
			files = (
				8BE307DA1DA89DE100FD1025 /* row_gcc.cc in Sources */,
				8BE307CA1DA89DE100FD1025 /* convert_to_i420.cc in Sources */,
				8BE307CE1DA89DE100FD1025 /* planar_functions.cc in Sources */,
				8BE307901DA89DE100FD1025 /* Kakao_ImgProc_ImgEnhance.c in Sources */,
				8BE307D01DA89DE100FD1025 /* rotate_any.cc in Sources */,
				8BE307991DA89DE100FD1025 /* Kakao_ImgProc_ROI.c in Sources */,
				8BE307D71DA89DE100FD1025 /* rotate_win.cc in Sources */,
				8BE3079D1DA89DE100FD1025 /* Kakao_ImgProc_SIMD.c in Sources */,
				8BE305A11DA89CFF00FD1025 /* main.c in Sources */,
				8BE307A31DA89DE100FD1025 /* Kakao_ImgProc_Thread.c in Sources */,
				8BE3078B1DA89DE100FD1025 /* Kakao_ImgProc_ColorTool.c in Sources */,
				8BE307941DA89DE100FD1025 /* Kakao_ImgProc_MeanShift.c in Sources */,
				8BE307E31DA89DE100FD1025 /* scale_argb.cc in Sources */,
				8BE3078C1DA89DE100FD1025 /* Kakao_ImgProc_EdgeDetector.c in Sources */,
				8BE307CF1DA89DE100FD1025 /* rotate.cc in Sources */,
				8BE307EA1DA89DE100FD1025 /* scale_win.cc in Sources */,
				8BE307C41DA89DE100FD1025 /* convert.cc in Sources */,
				8BE3078F1DA89DE100FD1025 /* Kakao_ImgProc_Histogram.c in Sources */,
				8BE3078D1DA89DE100FD1025 /* Kakao_ImgProc_ExtractBG.c in Sources */,
				8BE307EB1DA89DE100FD1025 /* video_common.cc in Sources */,
				8BE307A41DA89DE100FD1025 /* Kakao_ImgProc_Util.c in Sources */,
				8BE3079E1DA89DE100FD1025 /* Kakao_ImgProc_Skin.c in Sources */,
				8BE307971DA89DE100FD1025 /* Kakao_ImgProc_Processor.c in Sources */,
				8BE3079A1DA89DE100FD1025 /* Kakao_ImgProc_Rotate.c in Sources */,
				8BE307D21DA89DE100FD1025 /* rotate_common.cc in Sources */,
				8BE307D11DA89DE100FD1025 /* rotate_argb.cc in Sources */,
				8BE307C01DA89DE100FD1025 /* compare_gcc.cc in Sources */,
				8BE307BF1DA89DE100FD1025 /* compare_common.cc in Sources */,
				8BE307E51DA89DE100FD1025 /* scale_gcc.cc in Sources */,
				8BE307931DA89DE100FD1025 /* Kakao_ImgProc_Labeling.c in Sources */,
				8BE307C81DA89DE100FD1025 /* convert_jpeg.cc in Sources */,
				8BE307C61DA89DE100FD1025 /* convert_from.cc in Sources */,
				8BE307D81DA89DE100FD1025 /* row_any.cc in Sources */,
				8BE307921DA89DE100FD1025 /* Kakao_ImgProc_IQA.c in Sources */,
				8BE307E41DA89DE100FD1025 /* scale_common.cc in Sources */,
				8BE307BE1DA89DE100FD1025 /* compare.cc in Sources */,
				8BE307D91DA89DE100FD1025 /* row_common.cc in Sources */,
				8BE307C91DA89DE100FD1025 /* convert_to_argb.cc in Sources */,
				8BE307DF1DA89DE100FD1025 /* row_win.cc in Sources */,
				8BE307C51DA89DE100FD1025 /* convert_argb.cc in Sources */,
				8BE3078E1DA89DE100FD1025 /* Kakao_ImgProc_Filter.c in Sources */,
				8BE307D31DA89DE100FD1025 /* rotate_gcc.cc in Sources */,
				8BE3079C1DA89DE100FD1025 /* Kakao_ImgProc_Scaler.c in Sources */,
				8BE307CB1DA89DE100FD1025 /* cpu_id.cc in Sources */,
				8BE307911DA89DE100FD1025 /* Kakao_ImgProc_ImgFeature.c in Sources */,
				8BE307CD1DA89DE100FD1025 /* mjpeg_validate.cc in Sources */,
				8BE307E11DA89DE100FD1025 /* scale.cc in Sources */,
				8BE307961DA89DE100FD1025 /* Kakao_ImgProc_ObjDetector.c in Sources */,
				8BE307E21DA89DE100FD1025 /* scale_any.cc in Sources */,
				8BE307981DA89DE100FD1025 /* Kakao_ImgProc_Profile.c in Sources */,
				8BE307C71DA89DE100FD1025 /* convert_from_argb.cc in Sources */,
				8BE307C31DA89DE100FD1025 /* compare_win.cc in Sources */,
				8BE3079B1DA89DE100FD1025 /* Kakao_ImgProc_SBD.c in Sources */,
				8BE307CC1DA89DE100FD1025 /* mjpeg_decoder.cc in Sources */,
			);
			runOnlyForDeploymentPostprocessing = 0;
		};
/* End PBXSourcesBuildPhase section */

/* Begin XCBuildConfiguration section */
		8BE305A21DA89CFF00FD1025 /* Debug */ = {
			isa = XCBuildConfiguration;
			buildSettings = {
				ALWAYS_SEARCH_USER_PATHS = NO;
				CLANG_ANALYZER_NONNULL = YES;
				CLANG_CXX_LANGUAGE_STANDARD = "gnu++0x";
				CLANG_CXX_LIBRARY = "libc++";
				CLANG_ENABLE_MODULES = YES;
				CLANG_ENABLE_OBJC_ARC = YES;
				CLANG_WARN_BOOL_CONVERSION = YES;
				CLANG_WARN_CONSTANT_CONVERSION = YES;
				CLANG_WARN_DIRECT_OBJC_ISA_USAGE = YES_ERROR;
				CLANG_WARN_DOCUMENTATION_COMMENTS = YES;
				CLANG_WARN_EMPTY_BODY = YES;
				CLANG_WARN_ENUM_CONVERSION = YES;
				CLANG_WARN_INFINITE_RECURSION = YES;
				CLANG_WARN_INT_CONVERSION = YES;
				CLANG_WARN_OBJC_ROOT_CLASS = YES_ERROR;
				CLANG_WARN_SUSPICIOUS_MOVES = YES;
				CLANG_WARN_UNREACHABLE_CODE = YES;
				CLANG_WARN__DUPLICATE_METHOD_MATCH = YES;
				CODE_SIGN_IDENTITY = "-";
				COPY_PHASE_STRIP = NO;
				DEBUG_INFORMATION_FORMAT = dwarf;
				ENABLE_STRICT_OBJC_MSGSEND = YES;
				ENABLE_TESTABILITY = YES;
				GCC_C_LANGUAGE_STANDARD = gnu99;
				GCC_DYNAMIC_NO_PIC = NO;
				GCC_NO_COMMON_BLOCKS = YES;
				GCC_OPTIMIZATION_LEVEL = 0;
				GCC_PREPROCESSOR_DEFINITIONS = (
					"DEBUG=1",
					"$(inherited)",
				);
				GCC_WARN_64_TO_32_BIT_CONVERSION = YES;
				GCC_WARN_ABOUT_RETURN_TYPE = YES_ERROR;
				GCC_WARN_UNDECLARED_SELECTOR = YES;
				GCC_WARN_UNINITIALIZED_AUTOS = YES_AGGRESSIVE;
				GCC_WARN_UNUSED_FUNCTION = YES;
				GCC_WARN_UNUSED_VARIABLE = YES;
				MACOSX_DEPLOYMENT_TARGET = 10.11;
				MTL_ENABLE_DEBUG_INFO = YES;
				ONLY_ACTIVE_ARCH = YES;
				SDKROOT = macosx;
			};
			name = Debug;
		};
		8BE305A31DA89CFF00FD1025 /* Release */ = {
			isa = XCBuildConfiguration;
			buildSettings = {
				ALWAYS_SEARCH_USER_PATHS = NO;
				CLANG_ANALYZER_NONNULL = YES;
				CLANG_CXX_LANGUAGE_STANDARD = "gnu++0x";
				CLANG_CXX_LIBRARY = "libc++";
				CLANG_ENABLE_MODULES = YES;
				CLANG_ENABLE_OBJC_ARC = YES;
				CLANG_WARN_BOOL_CONVERSION = YES;
				CLANG_WARN_CONSTANT_CONVERSION = YES;
				CLANG_WARN_DIRECT_OBJC_ISA_USAGE = YES_ERROR;
				CLANG_WARN_DOCUMENTATION_COMMENTS = YES;
				CLANG_WARN_EMPTY_BODY = YES;
				CLANG_WARN_ENUM_CONVERSION = YES;
				CLANG_WARN_INFINITE_RECURSION = YES;
				CLANG_WARN_INT_CONVERSION = YES;
				CLANG_WARN_OBJC_ROOT_CLASS = YES_ERROR;
				CLANG_WARN_SUSPICIOUS_MOVES = YES;
				CLANG_WARN_UNREACHABLE_CODE = YES;
				CLANG_WARN__DUPLICATE_METHOD_MATCH = YES;
				CODE_SIGN_IDENTITY = "-";
				COPY_PHASE_STRIP = NO;
				DEBUG_INFORMATION_FORMAT = "dwarf-with-dsym";
				ENABLE_NS_ASSERTIONS = NO;
				ENABLE_STRICT_OBJC_MSGSEND = YES;
				GCC_C_LANGUAGE_STANDARD = gnu99;
				GCC_NO_COMMON_BLOCKS = YES;
				GCC_WARN_64_TO_32_BIT_CONVERSION = YES;
				GCC_WARN_ABOUT_RETURN_TYPE = YES_ERROR;
				GCC_WARN_UNDECLARED_SELECTOR = YES;
				GCC_WARN_UNINITIALIZED_AUTOS = YES_AGGRESSIVE;
				GCC_WARN_UNUSED_FUNCTION = YES;
				GCC_WARN_UNUSED_VARIABLE = YES;
				MACOSX_DEPLOYMENT_TARGET = 10.11;
				MTL_ENABLE_DEBUG_INFO = NO;
				SDKROOT = macosx;
			};
			name = Release;
		};
		8BE305A51DA89CFF00FD1025 /* Debug */ = {
			isa = XCBuildConfiguration;
			buildSettings = {
				GCC_PREPROCESSOR_DEFINITIONS = (
					__OSX__,
					__IA32__,
					__SSE2__,
				);
				HEADER_SEARCH_PATHS = (
					"../../lib/opencv/**",
					"../../lib/libyuv/**",
					../../lib/imgproc/include,
					../../lib/libyuv/include,
				);
				LIBRARY_SEARCH_PATHS = ../../lib/opencv/opencv;
				PRODUCT_NAME = "$(TARGET_NAME)";
			};
			name = Debug;
		};
		8BE305A61DA89CFF00FD1025 /* Release */ = {
			isa = XCBuildConfiguration;
			buildSettings = {
				GCC_PREPROCESSOR_DEFINITIONS = (
					__OSX__,
					__IA32__,
					__SSE2__,
				);
				HEADER_SEARCH_PATHS = (
					"../../lib/opencv/**",
					"../../lib/libyuv/**",
					../../lib/imgproc/include,
					../../lib/libyuv/include,
				);
				LIBRARY_SEARCH_PATHS = ../../lib/opencv/opencv;
				PRODUCT_NAME = "$(TARGET_NAME)";
			};
			name = Release;
		};
/* End XCBuildConfiguration section */

/* Begin XCConfigurationList section */
		8BE305981DA89CFF00FD1025 /* Build configuration list for PBXProject "MaverickDrone_Host" */ = {
			isa = XCConfigurationList;
			buildConfigurations = (
				8BE305A21DA89CFF00FD1025 /* Debug */,
				8BE305A31DA89CFF00FD1025 /* Release */,
			);
			defaultConfigurationIsVisible = 0;
			defaultConfigurationName = Release;
		};
		8BE305A41DA89CFF00FD1025 /* Build configuration list for PBXNativeTarget "MaverickDrone_Host_macOS" */ = {
			isa = XCConfigurationList;
			buildConfigurations = (
				8BE305A51DA89CFF00FD1025 /* Debug */,
				8BE305A61DA89CFF00FD1025 /* Release */,
			);
			defaultConfigurationIsVisible = 0;
			defaultConfigurationName = Release;
		};
/* End XCConfigurationList section */
	};
	rootObject = 8BE305951DA89CFF00FD1025 /* Project object */;
}
